
Microsoft Visual Studio Solution File, Format Version 12.00
# Visual Studio Version 17
VisualStudioVersion = 17.8.34525.116
MinimumVisualStudioVersion = 10.0.40219.1
Project("{FAE04EC0-301F-11D3-BF4B-00C04F79EFBC}") = "Week13", "Week13\Week13.csproj", "{273E9717-F2DC-4783-9F11-8171B2A61789}"
EndProject
Global
	GlobalSection(SolutionConfigurationPlatforms) = preSolution
		Debug|Any CPU = Debug|Any CPU
		Release|Any CPU = Release|Any CPU
	EndGlobalSection
	GlobalSection(ProjectConfigurationPlatforms) = postSolution
		{273E9717-F2DC-4783-9F11-8171B2A61789}.Debug|Any CPU.ActiveCfg = Debug|Any CPU
		{273E9717-F2DC-4783-9F11-8171B2A61789}.Debug|Any CPU.Build.0 = Debug|Any CPU
		{273E9717-F2DC-4783-9F11-8171B2A61789}.Release|Any CPU.ActiveCfg = Release|Any CPU
		{273E9717-F2DC-4783-9F11-8171B2A61789}.Release|Any CPU.Build.0 = Release|Any CPU
	EndGlobalSection
	GlobalSection(SolutionProperties) = preSolution
		HideSolutionNode = FALSE
	EndGlobalSection
	GlobalSection(ExtensibilityGlobals) = postSolution
		SolutionGuid = {9DEA0F94-BC05-4A6C-A2C0-6308A6D3C325}
	EndGlobalSection
EndGlobal
